
Microsoft Visual Studio Solution File, Format Version 11.00
# Visual Studio 2010
Project("{FAE04EC0-301F-11D3-BF4B-00C04F79EFBC}") = "DiakNyelvizsga", "DiakNyelviszga\DiakNyelvizsga.csproj", "{0DE2DB07-84E9-478B-A9B1-9C997522147C}"
EndProject
Global
	GlobalSection(SolutionConfigurationPlatforms) = preSolution
		Debug|x86 = Debug|x86
		Release|x86 = Release|x86
	EndGlobalSection
	GlobalSection(ProjectConfigurationPlatforms) = postSolution
		{0DE2DB07-84E9-478B-A9B1-9C997522147C}.Debug|x86.ActiveCfg = Debug|x86
		{0DE2DB07-84E9-478B-A9B1-9C997522147C}.Debug|x86.Build.0 = Debug|x86
		{0DE2DB07-84E9-478B-A9B1-9C997522147C}.Release|x86.ActiveCfg = Release|x86
		{0DE2DB07-84E9-478B-A9B1-9C997522147C}.Release|x86.Build.0 = Release|x86
	EndGlobalSection
	GlobalSection(SolutionProperties) = preSolution
		HideSolutionNode = FALSE
	EndGlobalSection
EndGlobal
